
Microsoft Visual Studio Solution File, Format Version 12.00
# Visual Studio 14
VisualStudioVersion = 14.0.25420.1
MinimumVisualStudioVersion = 10.0.40219.1
Project("{FAE04EC0-301F-11D3-BF4B-00C04F79EFBC}") = "Hazzat.Droid", "Hazzat\Hazzat.Droid\Hazzat.Droid.csproj", "{0E308DE7-09CD-497E-B6E8-818E0FA3D1CD}"
EndProject
Project("{FAE04EC0-301F-11D3-BF4B-00C04F79EFBC}") = "Hazzat.iOS", "Hazzat\Hazzat.iOS\Hazzat.iOS.csproj", "{409FCAF8-AF47-4AE4-91B0-8A8D13E962DA}"
EndProject
Project("{FAE04EC0-301F-11D3-BF4B-00C04F79EFBC}") = "Hazzat.Windows8", "Hazzat\Hazzat.Windows\Hazzat.Windows8.csproj", "{21C0EC91-BEC9-4EEE-9239-85828A751C3C}"
EndProject
Project("{FAE04EC0-301F-11D3-BF4B-00C04F79EFBC}") = "Hazzat", "Hazzat\Hazzat\Hazzat.csproj", "{C41085A1-13D4-4CA8-963F-E5BA140ADEF0}"
EndProject
Project("{FAE04EC0-301F-11D3-BF4B-00C04F79EFBC}") = "Hazzat.UWP", "Hazzat\Hazzat.UWP\Hazzat.UWP.csproj", "{B49BF53B-CCCE-4188-9356-B4B9C61F5131}"
EndProject
Global
	GlobalSection(SolutionConfigurationPlatforms) = preSolution
		Ad-Hoc|Any CPU = Ad-Hoc|Any CPU
		Ad-Hoc|ARM = Ad-Hoc|ARM
		Ad-Hoc|iPhone = Ad-Hoc|iPhone
		Ad-Hoc|iPhoneSimulator = Ad-Hoc|iPhoneSimulator
		Ad-Hoc|x64 = Ad-Hoc|x64
		Ad-Hoc|x86 = Ad-Hoc|x86
		AppStore|Any CPU = AppStore|Any CPU
		AppStore|ARM = AppStore|ARM
		AppStore|iPhone = AppStore|iPhone
		AppStore|iPhoneSimulator = AppStore|iPhoneSimulator
		AppStore|x64 = AppStore|x64
		AppStore|x86 = AppStore|x86
		Debug|Any CPU = Debug|Any CPU
		Debug|ARM = Debug|ARM
		Debug|iPhone = Debug|iPhone
		Debug|iPhoneSimulator = Debug|iPhoneSimulator
		Debug|x64 = Debug|x64
		Debug|x86 = Debug|x86
		Release|Any CPU = Release|Any CPU
		Release|ARM = Release|ARM
		Release|iPhone = Release|iPhone
		Release|iPhoneSimulator = Release|iPhoneSimulator
		Release|x64 = Release|x64
		Release|x86 = Release|x86
	EndGlobalSection
	GlobalSection(ProjectConfigurationPlatforms) = postSolution
		{0E308DE7-09CD-497E-B6E8-818E0FA3D1CD}.Ad-Hoc|Any CPU.ActiveCfg = Release|Any CPU
		{0E308DE7-09CD-497E-B6E8-818E0FA3D1CD}.Ad-Hoc|Any CPU.Build.0 = Release|Any CPU
		{0E308DE7-09CD-497E-B6E8-818E0FA3D1CD}.Ad-Hoc|Any CPU.Deploy.0 = Release|Any CPU
		{0E308DE7-09CD-497E-B6E8-818E0FA3D1CD}.Ad-Hoc|ARM.ActiveCfg = Release|Any CPU
		{0E308DE7-09CD-497E-B6E8-818E0FA3D1CD}.Ad-Hoc|ARM.Build.0 = Release|Any CPU
		{0E308DE7-09CD-497E-B6E8-818E0FA3D1CD}.Ad-Hoc|ARM.Deploy.0 = Release|Any CPU
		{0E308DE7-09CD-497E-B6E8-818E0FA3D1CD}.Ad-Hoc|iPhone.ActiveCfg = Release|Any CPU
		{0E308DE7-09CD-497E-B6E8-818E0FA3D1CD}.Ad-Hoc|iPhone.Build.0 = Release|Any CPU
		{0E308DE7-09CD-497E-B6E8-818E0FA3D1CD}.Ad-Hoc|iPhone.Deploy.0 = Release|Any CPU
		{0E308DE7-09CD-497E-B6E8-818E0FA3D1CD}.Ad-Hoc|iPhoneSimulator.ActiveCfg = Release|Any CPU
		{0E308DE7-09CD-497E-B6E8-818E0FA3D1CD}.Ad-Hoc|iPhoneSimulator.Build.0 = Release|Any CPU
		{0E308DE7-09CD-497E-B6E8-818E0FA3D1CD}.Ad-Hoc|iPhoneSimulator.Deploy.0 = Release|Any CPU
		{0E308DE7-09CD-497E-B6E8-818E0FA3D1CD}.Ad-Hoc|x64.ActiveCfg = Release|Any CPU
		{0E308DE7-09CD-497E-B6E8-818E0FA3D1CD}.Ad-Hoc|x64.Build.0 = Release|Any CPU
		{0E308DE7-09CD-497E-B6E8-818E0FA3D1CD}.Ad-Hoc|x64.Deploy.0 = Release|Any CPU
		{0E308DE7-09CD-497E-B6E8-818E0FA3D1CD}.Ad-Hoc|x86.ActiveCfg = Release|Any CPU
		{0E308DE7-09CD-497E-B6E8-818E0FA3D1CD}.Ad-Hoc|x86.Build.0 = Release|Any CPU
		{0E308DE7-09CD-497E-B6E8-818E0FA3D1CD}.Ad-Hoc|x86.Deploy.0 = Release|Any CPU
		{0E308DE7-09CD-497E-B6E8-818E0FA3D1CD}.AppStore|Any CPU.ActiveCfg = Release|Any CPU
		{0E308DE7-09CD-497E-B6E8-818E0FA3D1CD}.AppStore|Any CPU.Build.0 = Release|Any CPU
		{0E308DE7-09CD-497E-B6E8-818E0FA3D1CD}.AppStore|Any CPU.Deploy.0 = Release|Any CPU
		{0E308DE7-09CD-497E-B6E8-818E0FA3D1CD}.AppStore|ARM.ActiveCfg = Release|Any CPU
		{0E308DE7-09CD-497E-B6E8-818E0FA3D1CD}.AppStore|ARM.Build.0 = Release|Any CPU
		{0E308DE7-09CD-497E-B6E8-818E0FA3D1CD}.AppStore|ARM.Deploy.0 = Release|Any CPU
		{0E308DE7-09CD-497E-B6E8-818E0FA3D1CD}.AppStore|iPhone.ActiveCfg = Release|Any CPU
		{0E308DE7-09CD-497E-B6E8-818E0FA3D1CD}.AppStore|iPhone.Build.0 = Release|Any CPU
		{0E308DE7-09CD-497E-B6E8-818E0FA3D1CD}.AppStore|iPhone.Deploy.0 = Release|Any CPU
		{0E308DE7-09CD-497E-B6E8-818E0FA3D1CD}.AppStore|iPhoneSimulator.ActiveCfg = Release|Any CPU
		{0E308DE7-09CD-497E-B6E8-818E0FA3D1CD}.AppStore|iPhoneSimulator.Build.0 = Release|Any CPU
		{0E308DE7-09CD-497E-B6E8-818E0FA3D1CD}.AppStore|iPhoneSimulator.Deploy.0 = Release|Any CPU
		{0E308DE7-09CD-497E-B6E8-818E0FA3D1CD}.AppStore|x64.ActiveCfg = Release|Any CPU
		{0E308DE7-09CD-497E-B6E8-818E0FA3D1CD}.AppStore|x64.Build.0 = Release|Any CPU
		{0E308DE7-09CD-497E-B6E8-818E0FA3D1CD}.AppStore|x64.Deploy.0 = Release|Any CPU
		{0E308DE7-09CD-497E-B6E8-818E0FA3D1CD}.AppStore|x86.ActiveCfg = Release|Any CPU
		{0E308DE7-09CD-497E-B6E8-818E0FA3D1CD}.AppStore|x86.Build.0 = Release|Any CPU
		{0E308DE7-09CD-497E-B6E8-818E0FA3D1CD}.AppStore|x86.Deploy.0 = Release|Any CPU
		{0E308DE7-09CD-497E-B6E8-818E0FA3D1CD}.Debug|Any CPU.ActiveCfg = Debug|Any CPU
		{0E308DE7-09CD-497E-B6E8-818E0FA3D1CD}.Debug|Any CPU.Build.0 = Debug|Any CPU
		{0E308DE7-09CD-497E-B6E8-818E0FA3D1CD}.Debug|Any CPU.Deploy.0 = Debug|Any CPU
		{0E308DE7-09CD-497E-B6E8-818E0FA3D1CD}.Debug|ARM.ActiveCfg = Debug|Any CPU
		{0E308DE7-09CD-497E-B6E8-818E0FA3D1CD}.Debug|ARM.Build.0 = Debug|Any CPU
		{0E308DE7-09CD-497E-B6E8-818E0FA3D1CD}.Debug|ARM.Deploy.0 = Debug|Any CPU
		{0E308DE7-09CD-497E-B6E8-818E0FA3D1CD}.Debug|iPhone.ActiveCfg = Debug|Any CPU
		{0E308DE7-09CD-497E-B6E8-818E0FA3D1CD}.Debug|iPhone.Build.0 = Debug|Any CPU
		{0E308DE7-09CD-497E-B6E8-818E0FA3D1CD}.Debug|iPhone.Deploy.0 = Debug|Any CPU
		{0E308DE7-09CD-497E-B6E8-818E0FA3D1CD}.Debug|iPhoneSimulator.ActiveCfg = Debug|Any CPU
		{0E308DE7-09CD-497E-B6E8-818E0FA3D1CD}.Debug|iPhoneSimulator.Build.0 = Debug|Any CPU
		{0E308DE7-09CD-497E-B6E8-818E0FA3D1CD}.Debug|iPhoneSimulator.Deploy.0 = Debug|Any CPU
		{0E308DE7-09CD-497E-B6E8-818E0FA3D1CD}.Debug|x64.ActiveCfg = Debug|Any CPU
		{0E308DE7-09CD-497E-B6E8-818E0FA3D1CD}.Debug|x64.Build.0 = Debug|Any CPU
		{0E308DE7-09CD-497E-B6E8-818E0FA3D1CD}.Debug|x64.Deploy.0 = Debug|Any CPU
		{0E308DE7-09CD-497E-B6E8-818E0FA3D1CD}.Debug|x86.ActiveCfg = Debug|Any CPU
		{0E308DE7-09CD-497E-B6E8-818E0FA3D1CD}.Debug|x86.Build.0 = Debug|Any CPU
		{0E308DE7-09CD-497E-B6E8-818E0FA3D1CD}.Debug|x86.Deploy.0 = Debug|Any CPU
		{0E308DE7-09CD-497E-B6E8-818E0FA3D1CD}.Release|Any CPU.ActiveCfg = Release|Any CPU
		{0E308DE7-09CD-497E-B6E8-818E0FA3D1CD}.Release|Any CPU.Build.0 = Release|Any CPU
		{0E308DE7-09CD-497E-B6E8-818E0FA3D1CD}.Release|Any CPU.Deploy.0 = Release|Any CPU
		{0E308DE7-09CD-497E-B6E8-818E0FA3D1CD}.Release|ARM.ActiveCfg = Release|Any CPU
		{0E308DE7-09CD-497E-B6E8-818E0FA3D1CD}.Release|ARM.Build.0 = Release|Any CPU
		{0E308DE7-09CD-497E-B6E8-818E0FA3D1CD}.Release|ARM.Deploy.0 = Release|Any CPU
		{0E308DE7-09CD-497E-B6E8-818E0FA3D1CD}.Release|iPhone.ActiveCfg = Release|Any CPU
		{0E308DE7-09CD-497E-B6E8-818E0FA3D1CD}.Release|iPhone.Build.0 = Release|Any CPU
		{0E308DE7-09CD-497E-B6E8-818E0FA3D1CD}.Release|iPhone.Deploy.0 = Release|Any CPU
		{0E308DE7-09CD-497E-B6E8-818E0FA3D1CD}.Release|iPhoneSimulator.ActiveCfg = Release|Any CPU
		{0E308DE7-09CD-497E-B6E8-818E0FA3D1CD}.Release|iPhoneSimulator.Build.0 = Release|Any CPU
		{0E308DE7-09CD-497E-B6E8-818E0FA3D1CD}.Release|iPhoneSimulator.Deploy.0 = Release|Any CPU
		{0E308DE7-09CD-497E-B6E8-818E0FA3D1CD}.Release|x64.ActiveCfg = Release|Any CPU
		{0E308DE7-09CD-497E-B6E8-818E0FA3D1CD}.Release|x64.Build.0 = Release|Any CPU
		{0E308DE7-09CD-497E-B6E8-818E0FA3D1CD}.Release|x64.Deploy.0 = Release|Any CPU
		{0E308DE7-09CD-497E-B6E8-818E0FA3D1CD}.Release|x86.ActiveCfg = Release|Any CPU
		{0E308DE7-09CD-497E-B6E8-818E0FA3D1CD}.Release|x86.Build.0 = Release|Any CPU
		{0E308DE7-09CD-497E-B6E8-818E0FA3D1CD}.Release|x86.Deploy.0 = Release|Any CPU
		{409FCAF8-AF47-4AE4-91B0-8A8D13E962DA}.Ad-Hoc|Any CPU.ActiveCfg = Ad-Hoc|iPhone
		{409FCAF8-AF47-4AE4-91B0-8A8D13E962DA}.Ad-Hoc|ARM.ActiveCfg = Ad-Hoc|iPhone
		{409FCAF8-AF47-4AE4-91B0-8A8D13E962DA}.Ad-Hoc|iPhone.ActiveCfg = Ad-Hoc|iPhone
		{409FCAF8-AF47-4AE4-91B0-8A8D13E962DA}.Ad-Hoc|iPhone.Build.0 = Ad-Hoc|iPhone
		{409FCAF8-AF47-4AE4-91B0-8A8D13E962DA}.Ad-Hoc|iPhoneSimulator.ActiveCfg = Ad-Hoc|iPhoneSimulator
		{409FCAF8-AF47-4AE4-91B0-8A8D13E962DA}.Ad-Hoc|iPhoneSimulator.Build.0 = Ad-Hoc|iPhoneSimulator
		{409FCAF8-AF47-4AE4-91B0-8A8D13E962DA}.Ad-Hoc|x64.ActiveCfg = Ad-Hoc|iPhone
		{409FCAF8-AF47-4AE4-91B0-8A8D13E962DA}.Ad-Hoc|x86.ActiveCfg = Ad-Hoc|iPhone
		{409FCAF8-AF47-4AE4-91B0-8A8D13E962DA}.AppStore|Any CPU.ActiveCfg = AppStore|iPhone
		{409FCAF8-AF47-4AE4-91B0-8A8D13E962DA}.AppStore|ARM.ActiveCfg = AppStore|iPhone
		{409FCAF8-AF47-4AE4-91B0-8A8D13E962DA}.AppStore|iPhone.ActiveCfg = AppStore|iPhone
		{409FCAF8-AF47-4AE4-91B0-8A8D13E962DA}.AppStore|iPhone.Build.0 = AppStore|iPhone
		{409FCAF8-AF47-4AE4-91B0-8A8D13E962DA}.AppStore|iPhoneSimulator.ActiveCfg = AppStore|iPhoneSimulator
		{409FCAF8-AF47-4AE4-91B0-8A8D13E962DA}.AppStore|iPhoneSimulator.Build.0 = AppStore|iPhoneSimulator
		{409FCAF8-AF47-4AE4-91B0-8A8D13E962DA}.AppStore|x64.ActiveCfg = AppStore|iPhone
		{409FCAF8-AF47-4AE4-91B0-8A8D13E962DA}.AppStore|x86.ActiveCfg = AppStore|iPhone
		{409FCAF8-AF47-4AE4-91B0-8A8D13E962DA}.Debug|Any CPU.ActiveCfg = Debug|iPhone
		{409FCAF8-AF47-4AE4-91B0-8A8D13E962DA}.Debug|ARM.ActiveCfg = Debug|iPhone
		{409FCAF8-AF47-4AE4-91B0-8A8D13E962DA}.Debug|iPhone.ActiveCfg = Debug|iPhone
		{409FCAF8-AF47-4AE4-91B0-8A8D13E962DA}.Debug|iPhone.Build.0 = Debug|iPhone
		{409FCAF8-AF47-4AE4-91B0-8A8D13E962DA}.Debug|iPhoneSimulator.ActiveCfg = Debug|iPhoneSimulator
		{409FCAF8-AF47-4AE4-91B0-8A8D13E962DA}.Debug|iPhoneSimulator.Build.0 = Debug|iPhoneSimulator
		{409FCAF8-AF47-4AE4-91B0-8A8D13E962DA}.Debug|x64.ActiveCfg = Debug|iPhone
		{409FCAF8-AF47-4AE4-91B0-8A8D13E962DA}.Debug|x86.ActiveCfg = Debug|iPhone
		{409FCAF8-AF47-4AE4-91B0-8A8D13E962DA}.Release|Any CPU.ActiveCfg = Release|iPhone
		{409FCAF8-AF47-4AE4-91B0-8A8D13E962DA}.Release|ARM.ActiveCfg = Release|iPhone
		{409FCAF8-AF47-4AE4-91B0-8A8D13E962DA}.Release|iPhone.ActiveCfg = Release|iPhone
		{409FCAF8-AF47-4AE4-91B0-8A8D13E962DA}.Release|iPhone.Build.0 = Release|iPhone
		{409FCAF8-AF47-4AE4-91B0-8A8D13E962DA}.Release|iPhoneSimulator.ActiveCfg = Release|iPhoneSimulator
		{409FCAF8-AF47-4AE4-91B0-8A8D13E962DA}.Release|iPhoneSimulator.Build.0 = Release|iPhoneSimulator
		{409FCAF8-AF47-4AE4-91B0-8A8D13E962DA}.Release|x64.ActiveCfg = Release|iPhone
		{409FCAF8-AF47-4AE4-91B0-8A8D13E962DA}.Release|x86.ActiveCfg = Release|iPhone
		{21C0EC91-BEC9-4EEE-9239-85828A751C3C}.Ad-Hoc|Any CPU.ActiveCfg = Release|Any CPU
		{21C0EC91-BEC9-4EEE-9239-85828A751C3C}.Ad-Hoc|Any CPU.Build.0 = Release|Any CPU
		{21C0EC91-BEC9-4EEE-9239-85828A751C3C}.Ad-Hoc|Any CPU.Deploy.0 = Release|Any CPU
		{21C0EC91-BEC9-4EEE-9239-85828A751C3C}.Ad-Hoc|ARM.ActiveCfg = Release|ARM
		{21C0EC91-BEC9-4EEE-9239-85828A751C3C}.Ad-Hoc|ARM.Build.0 = Release|ARM
		{21C0EC91-BEC9-4EEE-9239-85828A751C3C}.Ad-Hoc|ARM.Deploy.0 = Release|ARM
		{21C0EC91-BEC9-4EEE-9239-85828A751C3C}.Ad-Hoc|iPhone.ActiveCfg = Release|Any CPU
		{21C0EC91-BEC9-4EEE-9239-85828A751C3C}.Ad-Hoc|iPhone.Build.0 = Release|Any CPU
		{21C0EC91-BEC9-4EEE-9239-85828A751C3C}.Ad-Hoc|iPhone.Deploy.0 = Release|Any CPU
		{21C0EC91-BEC9-4EEE-9239-85828A751C3C}.Ad-Hoc|iPhoneSimulator.ActiveCfg = Release|Any CPU
		{21C0EC91-BEC9-4EEE-9239-85828A751C3C}.Ad-Hoc|iPhoneSimulator.Build.0 = Release|Any CPU
		{21C0EC91-BEC9-4EEE-9239-85828A751C3C}.Ad-Hoc|iPhoneSimulator.Deploy.0 = Release|Any CPU
		{21C0EC91-BEC9-4EEE-9239-85828A751C3C}.Ad-Hoc|x64.ActiveCfg = Release|x64
		{21C0EC91-BEC9-4EEE-9239-85828A751C3C}.Ad-Hoc|x64.Build.0 = Release|x64
		{21C0EC91-BEC9-4EEE-9239-85828A751C3C}.Ad-Hoc|x64.Deploy.0 = Release|x64
		{21C0EC91-BEC9-4EEE-9239-85828A751C3C}.Ad-Hoc|x86.ActiveCfg = Release|x86
		{21C0EC91-BEC9-4EEE-9239-85828A751C3C}.Ad-Hoc|x86.Build.0 = Release|x86
		{21C0EC91-BEC9-4EEE-9239-85828A751C3C}.Ad-Hoc|x86.Deploy.0 = Release|x86
		{21C0EC91-BEC9-4EEE-9239-85828A751C3C}.AppStore|Any CPU.ActiveCfg = Release|Any CPU
		{21C0EC91-BEC9-4EEE-9239-85828A751C3C}.AppStore|Any CPU.Build.0 = Release|Any CPU
		{21C0EC91-BEC9-4EEE-9239-85828A751C3C}.AppStore|Any CPU.Deploy.0 = Release|Any CPU
		{21C0EC91-BEC9-4EEE-9239-85828A751C3C}.AppStore|ARM.ActiveCfg = Release|ARM
		{21C0EC91-BEC9-4EEE-9239-85828A751C3C}.AppStore|ARM.Build.0 = Release|ARM
		{21C0EC91-BEC9-4EEE-9239-85828A751C3C}.AppStore|ARM.Deploy.0 = Release|ARM
		{21C0EC91-BEC9-4EEE-9239-85828A751C3C}.AppStore|iPhone.ActiveCfg = Release|Any CPU
		{21C0EC91-BEC9-4EEE-9239-85828A751C3C}.AppStore|iPhone.Build.0 = Release|Any CPU
		{21C0EC91-BEC9-4EEE-9239-85828A751C3C}.AppStore|iPhone.Deploy.0 = Release|Any CPU
		{21C0EC91-BEC9-4EEE-9239-85828A751C3C}.AppStore|iPhoneSimulator.ActiveCfg = Release|Any CPU
		{21C0EC91-BEC9-4EEE-9239-85828A751C3C}.AppStore|iPhoneSimulator.Build.0 = Release|Any CPU
		{21C0EC91-BEC9-4EEE-9239-85828A751C3C}.AppStore|iPhoneSimulator.Deploy.0 = Release|Any CPU
		{21C0EC91-BEC9-4EEE-9239-85828A751C3C}.AppStore|x64.ActiveCfg = Release|x64
		{21C0EC91-BEC9-4EEE-9239-85828A751C3C}.AppStore|x64.Build.0 = Release|x64
		{21C0EC91-BEC9-4EEE-9239-85828A751C3C}.AppStore|x64.Deploy.0 = Release|x64
		{21C0EC91-BEC9-4EEE-9239-85828A751C3C}.AppStore|x86.ActiveCfg = Release|x86
		{21C0EC91-BEC9-4EEE-9239-85828A751C3C}.AppStore|x86.Build.0 = Release|x86
		{21C0EC91-BEC9-4EEE-9239-85828A751C3C}.AppStore|x86.Deploy.0 = Release|x86
		{21C0EC91-BEC9-4EEE-9239-85828A751C3C}.Debug|Any CPU.ActiveCfg = Debug|Any CPU
		{21C0EC91-BEC9-4EEE-9239-85828A751C3C}.Debug|Any CPU.Build.0 = Debug|Any CPU
		{21C0EC91-BEC9-4EEE-9239-85828A751C3C}.Debug|Any CPU.Deploy.0 = Debug|Any CPU
		{21C0EC91-BEC9-4EEE-9239-85828A751C3C}.Debug|ARM.ActiveCfg = Debug|ARM
		{21C0EC91-BEC9-4EEE-9239-85828A751C3C}.Debug|ARM.Build.0 = Debug|ARM
		{21C0EC91-BEC9-4EEE-9239-85828A751C3C}.Debug|ARM.Deploy.0 = Debug|ARM
		{21C0EC91-BEC9-4EEE-9239-85828A751C3C}.Debug|iPhone.ActiveCfg = Debug|Any CPU
		{21C0EC91-BEC9-4EEE-9239-85828A751C3C}.Debug|iPhone.Build.0 = Debug|Any CPU
		{21C0EC91-BEC9-4EEE-9239-85828A751C3C}.Debug|iPhone.Deploy.0 = Debug|Any CPU
		{21C0EC91-BEC9-4EEE-9239-85828A751C3C}.Debug|iPhoneSimulator.ActiveCfg = Debug|Any CPU
		{21C0EC91-BEC9-4EEE-9239-85828A751C3C}.Debug|iPhoneSimulator.Build.0 = Debug|Any CPU
		{21C0EC91-BEC9-4EEE-9239-85828A751C3C}.Debug|iPhoneSimulator.Deploy.0 = Debug|Any CPU
		{21C0EC91-BEC9-4EEE-9239-85828A751C3C}.Debug|x64.ActiveCfg = Debug|x64
		{21C0EC91-BEC9-4EEE-9239-85828A751C3C}.Debug|x64.Build.0 = Debug|x64
		{21C0EC91-BEC9-4EEE-9239-85828A751C3C}.Debug|x64.Deploy.0 = Debug|x64
		{21C0EC91-BEC9-4EEE-9239-85828A751C3C}.Debug|x86.ActiveCfg = Debug|x86
		{21C0EC91-BEC9-4EEE-9239-85828A751C3C}.Debug|x86.Build.0 = Debug|x86
		{21C0EC91-BEC9-4EEE-9239-85828A751C3C}.Debug|x86.Deploy.0 = Debug|x86
		{21C0EC91-BEC9-4EEE-9239-85828A751C3C}.Release|Any CPU.ActiveCfg = Release|Any CPU
		{21C0EC91-BEC9-4EEE-9239-85828A751C3C}.Release|Any CPU.Build.0 = Release|Any CPU
		{21C0EC91-BEC9-4EEE-9239-85828A751C3C}.Release|Any CPU.Deploy.0 = Release|Any CPU
		{21C0EC91-BEC9-4EEE-9239-85828A751C3C}.Release|ARM.ActiveCfg = Release|ARM
		{21C0EC91-BEC9-4EEE-9239-85828A751C3C}.Release|ARM.Build.0 = Release|ARM
		{21C0EC91-BEC9-4EEE-9239-85828A751C3C}.Release|ARM.Deploy.0 = Release|ARM
		{21C0EC91-BEC9-4EEE-9239-85828A751C3C}.Release|iPhone.ActiveCfg = Release|Any CPU
		{21C0EC91-BEC9-4EEE-9239-85828A751C3C}.Release|iPhone.Build.0 = Release|Any CPU
		{21C0EC91-BEC9-4EEE-9239-85828A751C3C}.Release|iPhone.Deploy.0 = Release|Any CPU
		{21C0EC91-BEC9-4EEE-9239-85828A751C3C}.Release|iPhoneSimulator.ActiveCfg = Release|Any CPU
		{21C0EC91-BEC9-4EEE-9239-85828A751C3C}.Release|iPhoneSimulator.Build.0 = Release|Any CPU
		{21C0EC91-BEC9-4EEE-9239-85828A751C3C}.Release|iPhoneSimulator.Deploy.0 = Release|Any CPU
		{21C0EC91-BEC9-4EEE-9239-85828A751C3C}.Release|x64.ActiveCfg = Release|x64
		{21C0EC91-BEC9-4EEE-9239-85828A751C3C}.Release|x64.Build.0 = Release|x64
		{21C0EC91-BEC9-4EEE-9239-85828A751C3C}.Release|x64.Deploy.0 = Release|x64
		{21C0EC91-BEC9-4EEE-9239-85828A751C3C}.Release|x86.ActiveCfg = Release|x86
		{21C0EC91-BEC9-4EEE-9239-85828A751C3C}.Release|x86.Build.0 = Release|x86
		{21C0EC91-BEC9-4EEE-9239-85828A751C3C}.Release|x86.Deploy.0 = Release|x86
		{C41085A1-13D4-4CA8-963F-E5BA140ADEF0}.Ad-Hoc|Any CPU.ActiveCfg = Release|Any CPU
		{C41085A1-13D4-4CA8-963F-E5BA140ADEF0}.Ad-Hoc|Any CPU.Build.0 = Release|Any CPU
		{C41085A1-13D4-4CA8-963F-E5BA140ADEF0}.Ad-Hoc|ARM.ActiveCfg = Release|Any CPU
		{C41085A1-13D4-4CA8-963F-E5BA140ADEF0}.Ad-Hoc|ARM.Build.0 = Release|Any CPU
		{C41085A1-13D4-4CA8-963F-E5BA140ADEF0}.Ad-Hoc|iPhone.ActiveCfg = Release|Any CPU
		{C41085A1-13D4-4CA8-963F-E5BA140ADEF0}.Ad-Hoc|iPhone.Build.0 = Release|Any CPU
		{C41085A1-13D4-4CA8-963F-E5BA140ADEF0}.Ad-Hoc|iPhoneSimulator.ActiveCfg = Release|Any CPU
		{C41085A1-13D4-4CA8-963F-E5BA140ADEF0}.Ad-Hoc|iPhoneSimulator.Build.0 = Release|Any CPU
		{C41085A1-13D4-4CA8-963F-E5BA140ADEF0}.Ad-Hoc|x64.ActiveCfg = Release|Any CPU
		{C41085A1-13D4-4CA8-963F-E5BA140ADEF0}.Ad-Hoc|x64.Build.0 = Release|Any CPU
		{C41085A1-13D4-4CA8-963F-E5BA140ADEF0}.Ad-Hoc|x86.ActiveCfg = Release|Any CPU
		{C41085A1-13D4-4CA8-963F-E5BA140ADEF0}.Ad-Hoc|x86.Build.0 = Release|Any CPU
		{C41085A1-13D4-4CA8-963F-E5BA140ADEF0}.AppStore|Any CPU.ActiveCfg = Release|Any CPU
		{C41085A1-13D4-4CA8-963F-E5BA140ADEF0}.AppStore|Any CPU.Build.0 = Release|Any CPU
		{C41085A1-13D4-4CA8-963F-E5BA140ADEF0}.AppStore|ARM.ActiveCfg = Release|Any CPU
		{C41085A1-13D4-4CA8-963F-E5BA140ADEF0}.AppStore|ARM.Build.0 = Release|Any CPU
		{C41085A1-13D4-4CA8-963F-E5BA140ADEF0}.AppStore|iPhone.ActiveCfg = Release|Any CPU
		{C41085A1-13D4-4CA8-963F-E5BA140ADEF0}.AppStore|iPhone.Build.0 = Release|Any CPU
		{C41085A1-13D4-4CA8-963F-E5BA140ADEF0}.AppStore|iPhoneSimulator.ActiveCfg = Release|Any CPU
		{C41085A1-13D4-4CA8-963F-E5BA140ADEF0}.AppStore|iPhoneSimulator.Build.0 = Release|Any CPU
		{C41085A1-13D4-4CA8-963F-E5BA140ADEF0}.AppStore|x64.ActiveCfg = Release|Any CPU
		{C41085A1-13D4-4CA8-963F-E5BA140ADEF0}.AppStore|x64.Build.0 = Release|Any CPU
		{C41085A1-13D4-4CA8-963F-E5BA140ADEF0}.AppStore|x86.ActiveCfg = Release|Any CPU
		{C41085A1-13D4-4CA8-963F-E5BA140ADEF0}.AppStore|x86.Build.0 = Release|Any CPU
		{C41085A1-13D4-4CA8-963F-E5BA140ADEF0}.Debug|Any CPU.ActiveCfg = Debug|Any CPU
		{C41085A1-13D4-4CA8-963F-E5BA140ADEF0}.Debug|Any CPU.Build.0 = Debug|Any CPU
		{C41085A1-13D4-4CA8-963F-E5BA140ADEF0}.Debug|ARM.ActiveCfg = Debug|Any CPU
		{C41085A1-13D4-4CA8-963F-E5BA140ADEF0}.Debug|ARM.Build.0 = Debug|Any CPU
		{C41085A1-13D4-4CA8-963F-E5BA140ADEF0}.Debug|iPhone.ActiveCfg = Debug|Any CPU
		{C41085A1-13D4-4CA8-963F-E5BA140ADEF0}.Debug|iPhone.Build.0 = Debug|Any CPU
		{C41085A1-13D4-4CA8-963F-E5BA140ADEF0}.Debug|iPhoneSimulator.ActiveCfg = Debug|Any CPU
		{C41085A1-13D4-4CA8-963F-E5BA140ADEF0}.Debug|iPhoneSimulator.Build.0 = Debug|Any CPU
		{C41085A1-13D4-4CA8-963F-E5BA140ADEF0}.Debug|x64.ActiveCfg = Debug|Any CPU
		{C41085A1-13D4-4CA8-963F-E5BA140ADEF0}.Debug|x64.Build.0 = Debug|Any CPU
		{C41085A1-13D4-4CA8-963F-E5BA140ADEF0}.Debug|x86.ActiveCfg = Debug|Any CPU
		{C41085A1-13D4-4CA8-963F-E5BA140ADEF0}.Debug|x86.Build.0 = Debug|Any CPU
		{C41085A1-13D4-4CA8-963F-E5BA140ADEF0}.Release|Any CPU.ActiveCfg = Release|Any CPU
		{C41085A1-13D4-4CA8-963F-E5BA140ADEF0}.Release|Any CPU.Build.0 = Release|Any CPU
		{C41085A1-13D4-4CA8-963F-E5BA140ADEF0}.Release|ARM.ActiveCfg = Release|Any CPU
		{C41085A1-13D4-4CA8-963F-E5BA140ADEF0}.Release|ARM.Build.0 = Release|Any CPU
		{C41085A1-13D4-4CA8-963F-E5BA140ADEF0}.Release|iPhone.ActiveCfg = Release|Any CPU
		{C41085A1-13D4-4CA8-963F-E5BA140ADEF0}.Release|iPhone.Build.0 = Release|Any CPU
		{C41085A1-13D4-4CA8-963F-E5BA140ADEF0}.Release|iPhoneSimulator.ActiveCfg = Release|Any CPU
		{C41085A1-13D4-4CA8-963F-E5BA140ADEF0}.Release|iPhoneSimulator.Build.0 = Release|Any CPU
		{C41085A1-13D4-4CA8-963F-E5BA140ADEF0}.Release|x64.ActiveCfg = Release|Any CPU
		{C41085A1-13D4-4CA8-963F-E5BA140ADEF0}.Release|x64.Build.0 = Release|Any CPU
		{C41085A1-13D4-4CA8-963F-E5BA140ADEF0}.Release|x86.ActiveCfg = Release|Any CPU
		{C41085A1-13D4-4CA8-963F-E5BA140ADEF0}.Release|x86.Build.0 = Release|Any CPU
		{B49BF53B-CCCE-4188-9356-B4B9C61F5131}.Ad-Hoc|Any CPU.ActiveCfg = Release|x64
		{B49BF53B-CCCE-4188-9356-B4B9C61F5131}.Ad-Hoc|Any CPU.Build.0 = Release|x64
		{B49BF53B-CCCE-4188-9356-B4B9C61F5131}.Ad-Hoc|Any CPU.Deploy.0 = Release|x64
		{B49BF53B-CCCE-4188-9356-B4B9C61F5131}.Ad-Hoc|ARM.ActiveCfg = Release|ARM
		{B49BF53B-CCCE-4188-9356-B4B9C61F5131}.Ad-Hoc|ARM.Build.0 = Release|ARM
		{B49BF53B-CCCE-4188-9356-B4B9C61F5131}.Ad-Hoc|ARM.Deploy.0 = Release|ARM
		{B49BF53B-CCCE-4188-9356-B4B9C61F5131}.Ad-Hoc|iPhone.ActiveCfg = Release|x64
		{B49BF53B-CCCE-4188-9356-B4B9C61F5131}.Ad-Hoc|iPhone.Build.0 = Release|x64
		{B49BF53B-CCCE-4188-9356-B4B9C61F5131}.Ad-Hoc|iPhone.Deploy.0 = Release|x64
		{B49BF53B-CCCE-4188-9356-B4B9C61F5131}.Ad-Hoc|iPhoneSimulator.ActiveCfg = Release|x64
		{B49BF53B-CCCE-4188-9356-B4B9C61F5131}.Ad-Hoc|iPhoneSimulator.Build.0 = Release|x64
		{B49BF53B-CCCE-4188-9356-B4B9C61F5131}.Ad-Hoc|iPhoneSimulator.Deploy.0 = Release|x64
		{B49BF53B-CCCE-4188-9356-B4B9C61F5131}.Ad-Hoc|x64.ActiveCfg = Release|x64
		{B49BF53B-CCCE-4188-9356-B4B9C61F5131}.Ad-Hoc|x64.Build.0 = Release|x64
		{B49BF53B-CCCE-4188-9356-B4B9C61F5131}.Ad-Hoc|x64.Deploy.0 = Release|x64
		{B49BF53B-CCCE-4188-9356-B4B9C61F5131}.Ad-Hoc|x86.ActiveCfg = Release|x86
		{B49BF53B-CCCE-4188-9356-B4B9C61F5131}.Ad-Hoc|x86.Build.0 = Release|x86
		{B49BF53B-CCCE-4188-9356-B4B9C61F5131}.Ad-Hoc|x86.Deploy.0 = Release|x86
		{B49BF53B-CCCE-4188-9356-B4B9C61F5131}.AppStore|Any CPU.ActiveCfg = Release|x64
		{B49BF53B-CCCE-4188-9356-B4B9C61F5131}.AppStore|Any CPU.Build.0 = Release|x64
		{B49BF53B-CCCE-4188-9356-B4B9C61F5131}.AppStore|Any CPU.Deploy.0 = Release|x64
		{B49BF53B-CCCE-4188-9356-B4B9C61F5131}.AppStore|ARM.ActiveCfg = Release|ARM
		{B49BF53B-CCCE-4188-9356-B4B9C61F5131}.AppStore|ARM.Build.0 = Release|ARM
		{B49BF53B-CCCE-4188-9356-B4B9C61F5131}.AppStore|ARM.Deploy.0 = Release|ARM
		{B49BF53B-CCCE-4188-9356-B4B9C61F5131}.AppStore|iPhone.ActiveCfg = Release|x64
		{B49BF53B-CCCE-4188-9356-B4B9C61F5131}.AppStore|iPhone.Build.0 = Release|x64
		{B49BF53B-CCCE-4188-9356-B4B9C61F5131}.AppStore|iPhone.Deploy.0 = Release|x64
		{B49BF53B-CCCE-4188-9356-B4B9C61F5131}.AppStore|iPhoneSimulator.ActiveCfg = Release|x64
		{B49BF53B-CCCE-4188-9356-B4B9C61F5131}.AppStore|iPhoneSimulator.Build.0 = Release|x64
		{B49BF53B-CCCE-4188-9356-B4B9C61F5131}.AppStore|iPhoneSimulator.Deploy.0 = Release|x64
		{B49BF53B-CCCE-4188-9356-B4B9C61F5131}.AppStore|x64.ActiveCfg = Release|x64
		{B49BF53B-CCCE-4188-9356-B4B9C61F5131}.AppStore|x64.Build.0 = Release|x64
		{B49BF53B-CCCE-4188-9356-B4B9C61F5131}.AppStore|x64.Deploy.0 = Release|x64
		{B49BF53B-CCCE-4188-9356-B4B9C61F5131}.AppStore|x86.ActiveCfg = Release|x86
		{B49BF53B-CCCE-4188-9356-B4B9C61F5131}.AppStore|x86.Build.0 = Release|x86
		{B49BF53B-CCCE-4188-9356-B4B9C61F5131}.AppStore|x86.Deploy.0 = Release|x86
		{B49BF53B-CCCE-4188-9356-B4B9C61F5131}.Debug|Any CPU.ActiveCfg = Debug|x86
		{B49BF53B-CCCE-4188-9356-B4B9C61F5131}.Debug|Any CPU.Deploy.0 = Debug|x86
		{B49BF53B-CCCE-4188-9356-B4B9C61F5131}.Debug|ARM.ActiveCfg = Debug|ARM
		{B49BF53B-CCCE-4188-9356-B4B9C61F5131}.Debug|ARM.Build.0 = Debug|ARM
		{B49BF53B-CCCE-4188-9356-B4B9C61F5131}.Debug|ARM.Deploy.0 = Debug|ARM
		{B49BF53B-CCCE-4188-9356-B4B9C61F5131}.Debug|iPhone.ActiveCfg = Debug|x86
		{B49BF53B-CCCE-4188-9356-B4B9C61F5131}.Debug|iPhoneSimulator.ActiveCfg = Debug|x86
		{B49BF53B-CCCE-4188-9356-B4B9C61F5131}.Debug|x64.ActiveCfg = Debug|x64
		{B49BF53B-CCCE-4188-9356-B4B9C61F5131}.Debug|x64.Build.0 = Debug|x64
		{B49BF53B-CCCE-4188-9356-B4B9C61F5131}.Debug|x64.Deploy.0 = Debug|x64
		{B49BF53B-CCCE-4188-9356-B4B9C61F5131}.Debug|x86.ActiveCfg = Debug|x86
		{B49BF53B-CCCE-4188-9356-B4B9C61F5131}.Debug|x86.Build.0 = Debug|x86
		{B49BF53B-CCCE-4188-9356-B4B9C61F5131}.Debug|x86.Deploy.0 = Debug|x86
		{B49BF53B-CCCE-4188-9356-B4B9C61F5131}.Release|Any CPU.ActiveCfg = Release|x86
		{B49BF53B-CCCE-4188-9356-B4B9C61F5131}.Release|ARM.ActiveCfg = Release|ARM
		{B49BF53B-CCCE-4188-9356-B4B9C61F5131}.Release|ARM.Build.0 = Release|ARM
		{B49BF53B-CCCE-4188-9356-B4B9C61F5131}.Release|ARM.Deploy.0 = Release|ARM
		{B49BF53B-CCCE-4188-9356-B4B9C61F5131}.Release|iPhone.ActiveCfg = Release|x86
		{B49BF53B-CCCE-4188-9356-B4B9C61F5131}.Release|iPhoneSimulator.ActiveCfg = Release|x86
		{B49BF53B-CCCE-4188-9356-B4B9C61F5131}.Release|x64.ActiveCfg = Release|x64
		{B49BF53B-CCCE-4188-9356-B4B9C61F5131}.Release|x64.Build.0 = Release|x64
		{B49BF53B-CCCE-4188-9356-B4B9C61F5131}.Release|x64.Deploy.0 = Release|x64
		{B49BF53B-CCCE-4188-9356-B4B9C61F5131}.Release|x86.ActiveCfg = Release|x86
		{B49BF53B-CCCE-4188-9356-B4B9C61F5131}.Release|x86.Build.0 = Release|x86
		{B49BF53B-CCCE-4188-9356-B4B9C61F5131}.Release|x86.Deploy.0 = Release|x86
	EndGlobalSection
	GlobalSection(SolutionProperties) = preSolution
		HideSolutionNode = FALSE
	EndGlobalSection
EndGlobal
