
Microsoft Visual Studio Solution File, Format Version 12.00
# Visual Studio 14
VisualStudioVersion = 14.0.25420.1
MinimumVisualStudioVersion = 10.0.40219.1
Project("{FAE04EC0-301F-11D3-BF4B-00C04F79EFBC}") = "Hazzat.Droid", "Hazzat\Hazzat.Droid\Hazzat.Droid.csproj", "{0E308DE7-09CD-497E-B6E8-818E0FA3D1CD}"
EndProject
Project("{FAE04EC0-301F-11D3-BF4B-00C04F79EFBC}") = "Hazzat.iOS", "Hazzat\Hazzat.iOS\Hazzat.iOS.csproj", "{409FCAF8-AF47-4AE4-91B0-8A8D13E962DA}"
EndProject
Project("{FAE04EC0-301F-11D3-BF4B-00C04F79EFBC}") = "Hazzat", "Hazzat\Hazzat\Hazzat.csproj", "{C41085A1-13D4-4CA8-963F-E5BA140ADEF0}"
EndProject
Project("{FAE04EC0-301F-11D3-BF4B-00C04F79EFBC}") = "Hazzat.UWP", "Hazzat\Hazzat.UWP\Hazzat.UWP.csproj", "{B49BF53B-CCCE-4188-9356-B4B9C61F5131}"
EndProject
Global
	GlobalSection(SolutionConfigurationPlatforms) = preSolution
		Debug|Any CPU = Debug|Any CPU
		Debug|ARM = Debug|ARM
		Debug|iPhone = Debug|iPhone
		Debug|iPhoneSimulator = Debug|iPhoneSimulator
		Debug|x64 = Debug|x64
		Debug|x86 = Debug|x86
		Release|Any CPU = Release|Any CPU
		Release|ARM = Release|ARM
		Release|iPhone = Release|iPhone
		Release|iPhoneSimulator = Release|iPhoneSimulator
		Release|x64 = Release|x64
		Release|x86 = Release|x86
	EndGlobalSection
	GlobalSection(ProjectConfigurationPlatforms) = postSolution
		{0E308DE7-09CD-497E-B6E8-818E0FA3D1CD}.Debug|Any CPU.ActiveCfg = Debug|Any CPU
		{0E308DE7-09CD-497E-B6E8-818E0FA3D1CD}.Debug|Any CPU.Build.0 = Debug|Any CPU
		{0E308DE7-09CD-497E-B6E8-818E0FA3D1CD}.Debug|Any CPU.Deploy.0 = Debug|Any CPU
		{0E308DE7-09CD-497E-B6E8-818E0FA3D1CD}.Debug|ARM.ActiveCfg = Debug|Any CPU
		{0E308DE7-09CD-497E-B6E8-818E0FA3D1CD}.Debug|ARM.Build.0 = Debug|Any CPU
		{0E308DE7-09CD-497E-B6E8-818E0FA3D1CD}.Debug|ARM.Deploy.0 = Debug|Any CPU
		{0E308DE7-09CD-497E-B6E8-818E0FA3D1CD}.Debug|iPhone.ActiveCfg = Debug|Any CPU
		{0E308DE7-09CD-497E-B6E8-818E0FA3D1CD}.Debug|iPhone.Build.0 = Debug|Any CPU
		{0E308DE7-09CD-497E-B6E8-818E0FA3D1CD}.Debug|iPhone.Deploy.0 = Debug|Any CPU
		{0E308DE7-09CD-497E-B6E8-818E0FA3D1CD}.Debug|iPhoneSimulator.ActiveCfg = Debug|Any CPU
		{0E308DE7-09CD-497E-B6E8-818E0FA3D1CD}.Debug|iPhoneSimulator.Build.0 = Debug|Any CPU
		{0E308DE7-09CD-497E-B6E8-818E0FA3D1CD}.Debug|iPhoneSimulator.Deploy.0 = Debug|Any CPU
		{0E308DE7-09CD-497E-B6E8-818E0FA3D1CD}.Debug|x64.ActiveCfg = Debug|Any CPU
		{0E308DE7-09CD-497E-B6E8-818E0FA3D1CD}.Debug|x64.Build.0 = Debug|Any CPU
		{0E308DE7-09CD-497E-B6E8-818E0FA3D1CD}.Debug|x64.Deploy.0 = Debug|Any CPU
		{0E308DE7-09CD-497E-B6E8-818E0FA3D1CD}.Debug|x86.ActiveCfg = Debug|Any CPU
		{0E308DE7-09CD-497E-B6E8-818E0FA3D1CD}.Debug|x86.Build.0 = Debug|Any CPU
		{0E308DE7-09CD-497E-B6E8-818E0FA3D1CD}.Debug|x86.Deploy.0 = Debug|Any CPU
		{0E308DE7-09CD-497E-B6E8-818E0FA3D1CD}.Release|Any CPU.ActiveCfg = Release|Any CPU
		{0E308DE7-09CD-497E-B6E8-818E0FA3D1CD}.Release|Any CPU.Build.0 = Release|Any CPU
		{0E308DE7-09CD-497E-B6E8-818E0FA3D1CD}.Release|Any CPU.Deploy.0 = Release|Any CPU
		{0E308DE7-09CD-497E-B6E8-818E0FA3D1CD}.Release|ARM.ActiveCfg = Release|Any CPU
		{0E308DE7-09CD-497E-B6E8-818E0FA3D1CD}.Release|ARM.Build.0 = Release|Any CPU
		{0E308DE7-09CD-497E-B6E8-818E0FA3D1CD}.Release|ARM.Deploy.0 = Release|Any CPU
		{0E308DE7-09CD-497E-B6E8-818E0FA3D1CD}.Release|iPhone.ActiveCfg = Release|Any CPU
		{0E308DE7-09CD-497E-B6E8-818E0FA3D1CD}.Release|iPhone.Build.0 = Release|Any CPU
		{0E308DE7-09CD-497E-B6E8-818E0FA3D1CD}.Release|iPhone.Deploy.0 = Release|Any CPU
		{0E308DE7-09CD-497E-B6E8-818E0FA3D1CD}.Release|iPhoneSimulator.ActiveCfg = Release|Any CPU
		{0E308DE7-09CD-497E-B6E8-818E0FA3D1CD}.Release|iPhoneSimulator.Build.0 = Release|Any CPU
		{0E308DE7-09CD-497E-B6E8-818E0FA3D1CD}.Release|iPhoneSimulator.Deploy.0 = Release|Any CPU
		{0E308DE7-09CD-497E-B6E8-818E0FA3D1CD}.Release|x64.ActiveCfg = Release|Any CPU
		{0E308DE7-09CD-497E-B6E8-818E0FA3D1CD}.Release|x64.Build.0 = Release|Any CPU
		{0E308DE7-09CD-497E-B6E8-818E0FA3D1CD}.Release|x64.Deploy.0 = Release|Any CPU
		{0E308DE7-09CD-497E-B6E8-818E0FA3D1CD}.Release|x86.ActiveCfg = Release|Any CPU
		{0E308DE7-09CD-497E-B6E8-818E0FA3D1CD}.Release|x86.Build.0 = Release|Any CPU
		{0E308DE7-09CD-497E-B6E8-818E0FA3D1CD}.Release|x86.Deploy.0 = Release|Any CPU
		{409FCAF8-AF47-4AE4-91B0-8A8D13E962DA}.Debug|Any CPU.ActiveCfg = Debug|iPhone
		{409FCAF8-AF47-4AE4-91B0-8A8D13E962DA}.Debug|ARM.ActiveCfg = Debug|iPhone
		{409FCAF8-AF47-4AE4-91B0-8A8D13E962DA}.Debug|iPhone.ActiveCfg = Debug|iPhone
		{409FCAF8-AF47-4AE4-91B0-8A8D13E962DA}.Debug|iPhone.Build.0 = Debug|iPhone
		{409FCAF8-AF47-4AE4-91B0-8A8D13E962DA}.Debug|iPhoneSimulator.ActiveCfg = Debug|iPhoneSimulator
		{409FCAF8-AF47-4AE4-91B0-8A8D13E962DA}.Debug|iPhoneSimulator.Build.0 = Debug|iPhoneSimulator
		{409FCAF8-AF47-4AE4-91B0-8A8D13E962DA}.Debug|x64.ActiveCfg = Debug|iPhone
		{409FCAF8-AF47-4AE4-91B0-8A8D13E962DA}.Debug|x86.ActiveCfg = Debug|iPhone
		{409FCAF8-AF47-4AE4-91B0-8A8D13E962DA}.Release|Any CPU.ActiveCfg = Release|iPhone
		{409FCAF8-AF47-4AE4-91B0-8A8D13E962DA}.Release|ARM.ActiveCfg = Release|iPhone
		{409FCAF8-AF47-4AE4-91B0-8A8D13E962DA}.Release|iPhone.ActiveCfg = Release|iPhone
		{409FCAF8-AF47-4AE4-91B0-8A8D13E962DA}.Release|iPhone.Build.0 = Release|iPhone
		{409FCAF8-AF47-4AE4-91B0-8A8D13E962DA}.Release|iPhoneSimulator.ActiveCfg = Release|iPhoneSimulator
		{409FCAF8-AF47-4AE4-91B0-8A8D13E962DA}.Release|iPhoneSimulator.Build.0 = Release|iPhoneSimulator
		{409FCAF8-AF47-4AE4-91B0-8A8D13E962DA}.Release|x64.ActiveCfg = Release|iPhone
		{409FCAF8-AF47-4AE4-91B0-8A8D13E962DA}.Release|x86.ActiveCfg = Release|iPhone
		{C41085A1-13D4-4CA8-963F-E5BA140ADEF0}.Debug|Any CPU.ActiveCfg = Debug|Any CPU
		{C41085A1-13D4-4CA8-963F-E5BA140ADEF0}.Debug|Any CPU.Build.0 = Debug|Any CPU
		{C41085A1-13D4-4CA8-963F-E5BA140ADEF0}.Debug|ARM.ActiveCfg = Debug|Any CPU
		{C41085A1-13D4-4CA8-963F-E5BA140ADEF0}.Debug|ARM.Build.0 = Debug|Any CPU
		{C41085A1-13D4-4CA8-963F-E5BA140ADEF0}.Debug|iPhone.ActiveCfg = Debug|Any CPU
		{C41085A1-13D4-4CA8-963F-E5BA140ADEF0}.Debug|iPhone.Build.0 = Debug|Any CPU
		{C41085A1-13D4-4CA8-963F-E5BA140ADEF0}.Debug|iPhoneSimulator.ActiveCfg = Debug|Any CPU
		{C41085A1-13D4-4CA8-963F-E5BA140ADEF0}.Debug|iPhoneSimulator.Build.0 = Debug|Any CPU
		{C41085A1-13D4-4CA8-963F-E5BA140ADEF0}.Debug|x64.ActiveCfg = Debug|Any CPU
		{C41085A1-13D4-4CA8-963F-E5BA140ADEF0}.Debug|x64.Build.0 = Debug|Any CPU
		{C41085A1-13D4-4CA8-963F-E5BA140ADEF0}.Debug|x86.ActiveCfg = Debug|Any CPU
		{C41085A1-13D4-4CA8-963F-E5BA140ADEF0}.Debug|x86.Build.0 = Debug|Any CPU
		{C41085A1-13D4-4CA8-963F-E5BA140ADEF0}.Release|Any CPU.ActiveCfg = Release|Any CPU
		{C41085A1-13D4-4CA8-963F-E5BA140ADEF0}.Release|Any CPU.Build.0 = Release|Any CPU
		{C41085A1-13D4-4CA8-963F-E5BA140ADEF0}.Release|ARM.ActiveCfg = Release|Any CPU
		{C41085A1-13D4-4CA8-963F-E5BA140ADEF0}.Release|ARM.Build.0 = Release|Any CPU
		{C41085A1-13D4-4CA8-963F-E5BA140ADEF0}.Release|iPhone.ActiveCfg = Release|Any CPU
		{C41085A1-13D4-4CA8-963F-E5BA140ADEF0}.Release|iPhone.Build.0 = Release|Any CPU
		{C41085A1-13D4-4CA8-963F-E5BA140ADEF0}.Release|iPhoneSimulator.ActiveCfg = Release|Any CPU
		{C41085A1-13D4-4CA8-963F-E5BA140ADEF0}.Release|iPhoneSimulator.Build.0 = Release|Any CPU
		{C41085A1-13D4-4CA8-963F-E5BA140ADEF0}.Release|x64.ActiveCfg = Release|Any CPU
		{C41085A1-13D4-4CA8-963F-E5BA140ADEF0}.Release|x64.Build.0 = Release|Any CPU
		{C41085A1-13D4-4CA8-963F-E5BA140ADEF0}.Release|x86.ActiveCfg = Release|Any CPU
		{C41085A1-13D4-4CA8-963F-E5BA140ADEF0}.Release|x86.Build.0 = Release|Any CPU
		{B49BF53B-CCCE-4188-9356-B4B9C61F5131}.Debug|Any CPU.ActiveCfg = Debug|x64
		{B49BF53B-CCCE-4188-9356-B4B9C61F5131}.Debug|Any CPU.Build.0 = Debug|x64
		{B49BF53B-CCCE-4188-9356-B4B9C61F5131}.Debug|Any CPU.Deploy.0 = Debug|x64
		{B49BF53B-CCCE-4188-9356-B4B9C61F5131}.Debug|ARM.ActiveCfg = Debug|ARM
		{B49BF53B-CCCE-4188-9356-B4B9C61F5131}.Debug|ARM.Build.0 = Debug|ARM
		{B49BF53B-CCCE-4188-9356-B4B9C61F5131}.Debug|ARM.Deploy.0 = Debug|ARM
		{B49BF53B-CCCE-4188-9356-B4B9C61F5131}.Debug|iPhone.ActiveCfg = Debug|x86
		{B49BF53B-CCCE-4188-9356-B4B9C61F5131}.Debug|iPhoneSimulator.ActiveCfg = Debug|x86
		{B49BF53B-CCCE-4188-9356-B4B9C61F5131}.Debug|x64.ActiveCfg = Debug|x64
		{B49BF53B-CCCE-4188-9356-B4B9C61F5131}.Debug|x64.Build.0 = Debug|x64
		{B49BF53B-CCCE-4188-9356-B4B9C61F5131}.Debug|x64.Deploy.0 = Debug|x64
		{B49BF53B-CCCE-4188-9356-B4B9C61F5131}.Debug|x86.ActiveCfg = Debug|x86
		{B49BF53B-CCCE-4188-9356-B4B9C61F5131}.Debug|x86.Build.0 = Debug|x86
		{B49BF53B-CCCE-4188-9356-B4B9C61F5131}.Debug|x86.Deploy.0 = Debug|x86
		{B49BF53B-CCCE-4188-9356-B4B9C61F5131}.Release|Any CPU.ActiveCfg = Release|x86
		{B49BF53B-CCCE-4188-9356-B4B9C61F5131}.Release|ARM.ActiveCfg = Release|ARM
		{B49BF53B-CCCE-4188-9356-B4B9C61F5131}.Release|ARM.Build.0 = Release|ARM
		{B49BF53B-CCCE-4188-9356-B4B9C61F5131}.Release|ARM.Deploy.0 = Release|ARM
		{B49BF53B-CCCE-4188-9356-B4B9C61F5131}.Release|iPhone.ActiveCfg = Release|x86
		{B49BF53B-CCCE-4188-9356-B4B9C61F5131}.Release|iPhoneSimulator.ActiveCfg = Release|x86
		{B49BF53B-CCCE-4188-9356-B4B9C61F5131}.Release|x64.ActiveCfg = Release|x64
		{B49BF53B-CCCE-4188-9356-B4B9C61F5131}.Release|x64.Build.0 = Release|x64
		{B49BF53B-CCCE-4188-9356-B4B9C61F5131}.Release|x64.Deploy.0 = Release|x64
		{B49BF53B-CCCE-4188-9356-B4B9C61F5131}.Release|x86.ActiveCfg = Release|x86
		{B49BF53B-CCCE-4188-9356-B4B9C61F5131}.Release|x86.Build.0 = Release|x86
		{B49BF53B-CCCE-4188-9356-B4B9C61F5131}.Release|x86.Deploy.0 = Release|x86
	EndGlobalSection
	GlobalSection(SolutionProperties) = preSolution
		HideSolutionNode = FALSE
	EndGlobalSection
EndGlobal
